
Microsoft Visual Studio Solution File, Format Version 12.00
# Visual Studio Version 17
VisualStudioVersion = 17.9.34701.34
MinimumVisualStudioVersion = 10.0.40219.1
Project("{FAE04EC0-301F-11D3-BF4B-00C04F79EFBC}") = "Backlogmanager.ASP", "Backlogmanager.ASP.csproj", "{60583401-217E-412E-B7BE-49576F51E434}"
EndProject
Project("{FAE04EC0-301F-11D3-BF4B-00C04F79EFBC}") = "Backlogmanager.DAL", "..\Backlogmanager.DAL\Backlogmanager.DAL.csproj", "{DCC8CA11-B7E9-4145-A1F4-8564CD52D2DB}"
EndProject
Project("{FAE04EC0-301F-11D3-BF4B-00C04F79EFBC}") = "Backlogmanager.BLL", "..\Backlogmanager.BLL\Backlogmanager.BLL.csproj", "{7FA87C0E-2D4D-4B99-B297-FA78F60666F1}"
EndProject
Global
	GlobalSection(SolutionConfigurationPlatforms) = preSolution
		Debug|Any CPU = Debug|Any CPU
		Release|Any CPU = Release|Any CPU
	EndGlobalSection
	GlobalSection(ProjectConfigurationPlatforms) = postSolution
		{60583401-217E-412E-B7BE-49576F51E434}.Debug|Any CPU.ActiveCfg = Debug|Any CPU
		{60583401-217E-412E-B7BE-49576F51E434}.Debug|Any CPU.Build.0 = Debug|Any CPU
		{60583401-217E-412E-B7BE-49576F51E434}.Release|Any CPU.ActiveCfg = Release|Any CPU
		{60583401-217E-412E-B7BE-49576F51E434}.Release|Any CPU.Build.0 = Release|Any CPU
		{DCC8CA11-B7E9-4145-A1F4-8564CD52D2DB}.Debug|Any CPU.ActiveCfg = Debug|Any CPU
		{DCC8CA11-B7E9-4145-A1F4-8564CD52D2DB}.Debug|Any CPU.Build.0 = Debug|Any CPU
		{DCC8CA11-B7E9-4145-A1F4-8564CD52D2DB}.Release|Any CPU.ActiveCfg = Release|Any CPU
		{DCC8CA11-B7E9-4145-A1F4-8564CD52D2DB}.Release|Any CPU.Build.0 = Release|Any CPU
		{7FA87C0E-2D4D-4B99-B297-FA78F60666F1}.Debug|Any CPU.ActiveCfg = Debug|Any CPU
		{7FA87C0E-2D4D-4B99-B297-FA78F60666F1}.Debug|Any CPU.Build.0 = Debug|Any CPU
		{7FA87C0E-2D4D-4B99-B297-FA78F60666F1}.Release|Any CPU.ActiveCfg = Release|Any CPU
		{7FA87C0E-2D4D-4B99-B297-FA78F60666F1}.Release|Any CPU.Build.0 = Release|Any CPU
	EndGlobalSection
	GlobalSection(SolutionProperties) = preSolution
		HideSolutionNode = FALSE
	EndGlobalSection
	GlobalSection(ExtensibilityGlobals) = postSolution
		SolutionGuid = {62059239-6095-4779-8BD7-6EB4B4B22B81}
	EndGlobalSection
EndGlobal
